
Microsoft Visual Studio Solution File, Format Version 12.00
# Visual Studio Version 17
VisualStudioVersion = 17.14.36203.30 d17.14
MinimumVisualStudioVersion = 10.0.40219.1
Project("{FAE04EC0-301F-11D3-BF4B-00C04F79EFBC}") = "TwitchChatBot", "TwitchChatBot\TwitchChatBot.csproj", "{A05DD526-1CCF-40A7-8C4B-0C66912D4604}"
EndProject
Global
	GlobalSection(SolutionConfigurationPlatforms) = preSolution
		Debug|Any CPU = Debug|Any CPU
		Release|Any CPU = Release|Any CPU
	EndGlobalSection
	GlobalSection(ProjectConfigurationPlatforms) = postSolution
		{A05DD526-1CCF-40A7-8C4B-0C66912D4604}.Debug|Any CPU.ActiveCfg = Debug|Any CPU
		{A05DD526-1CCF-40A7-8C4B-0C66912D4604}.Debug|Any CPU.Build.0 = Debug|Any CPU
		{A05DD526-1CCF-40A7-8C4B-0C66912D4604}.Release|Any CPU.ActiveCfg = Release|Any CPU
		{A05DD526-1CCF-40A7-8C4B-0C66912D4604}.Release|Any CPU.Build.0 = Release|Any CPU
	EndGlobalSection
	GlobalSection(SolutionProperties) = preSolution
		HideSolutionNode = FALSE
	EndGlobalSection
	GlobalSection(ExtensibilityGlobals) = postSolution
		SolutionGuid = {8F54976A-001A-432F-B450-6A55BC71A029}
	EndGlobalSection
EndGlobal
